
Microsoft Visual Studio Solution File, Format Version 12.00
# Visual Studio Version 16
VisualStudioVersion = 16.0.31410.357
MinimumVisualStudioVersion = 10.0.40219.1
Project("{9A19103F-16F7-4668-BE54-9A1E7A4F7556}") = "CloudSynth", "CloudSynth\CloudSynth.csproj", "{D6A701AF-30C8-4E18-A31C-4B76A96C782F}"
	ProjectSection(ProjectDependencies) = postProject
		{454FEC23-A278-490A-8EBC-A2885C83DA01} = {454FEC23-A278-490A-8EBC-A2885C83DA01}
		{B407F538-C16B-48CF-A8D7-5DB9982B462B} = {B407F538-C16B-48CF-A8D7-5DB9982B462B}
		{1FC4D83C-BFB1-4774-A214-9F15E8738366} = {1FC4D83C-BFB1-4774-A214-9F15E8738366}
		{B458BE9A-DF3C-4707-9134-88B3D287867B} = {B458BE9A-DF3C-4707-9134-88B3D287867B}
		{1CBA6BB6-6B8F-458B-B824-3A7D2FD98FE8} = {1CBA6BB6-6B8F-458B-B824-3A7D2FD98FE8}
		{7FA826E6-AB02-46A1-8AD8-9F56CEF852A9} = {7FA826E6-AB02-46A1-8AD8-9F56CEF852A9}
	EndProjectSection
EndProject
Project("{2150E333-8FDC-42A3-9474-1A3956D46DE8}") = "Modules", "Modules", "{AAFB6088-19BB-4B6C-A7DD-45F9AC438C89}"
EndProject
Project("{FAE04EC0-301F-11D3-BF4B-00C04F79EFBC}") = "CloudSynth.Graph", "Modules\CloudSynth.Graph\CloudSynth.Graph.csproj", "{7FA826E6-AB02-46A1-8AD8-9F56CEF852A9}"
	ProjectSection(ProjectDependencies) = postProject
		{B407F538-C16B-48CF-A8D7-5DB9982B462B} = {B407F538-C16B-48CF-A8D7-5DB9982B462B}
		{B458BE9A-DF3C-4707-9134-88B3D287867B} = {B458BE9A-DF3C-4707-9134-88B3D287867B}
		{1CBA6BB6-6B8F-458B-B824-3A7D2FD98FE8} = {1CBA6BB6-6B8F-458B-B824-3A7D2FD98FE8}
	EndProjectSection
EndProject
Project("{FAE04EC0-301F-11D3-BF4B-00C04F79EFBC}") = "CloudSynth.Filter", "Modules\CloudSynth.Filter\CloudSynth.Filter.csproj", "{1FC4D83C-BFB1-4774-A214-9F15E8738366}"
	ProjectSection(ProjectDependencies) = postProject
		{B407F538-C16B-48CF-A8D7-5DB9982B462B} = {B407F538-C16B-48CF-A8D7-5DB9982B462B}
		{B458BE9A-DF3C-4707-9134-88B3D287867B} = {B458BE9A-DF3C-4707-9134-88B3D287867B}
		{1CBA6BB6-6B8F-458B-B824-3A7D2FD98FE8} = {1CBA6BB6-6B8F-458B-B824-3A7D2FD98FE8}
	EndProjectSection
EndProject
Project("{FAE04EC0-301F-11D3-BF4B-00C04F79EFBC}") = "CloudSynth.Piano", "Modules\CloudSynth.Piano\CloudSynth.Piano.csproj", "{454FEC23-A278-490A-8EBC-A2885C83DA01}"
	ProjectSection(ProjectDependencies) = postProject
		{B407F538-C16B-48CF-A8D7-5DB9982B462B} = {B407F538-C16B-48CF-A8D7-5DB9982B462B}
		{B458BE9A-DF3C-4707-9134-88B3D287867B} = {B458BE9A-DF3C-4707-9134-88B3D287867B}
		{1CBA6BB6-6B8F-458B-B824-3A7D2FD98FE8} = {1CBA6BB6-6B8F-458B-B824-3A7D2FD98FE8}
	EndProjectSection
EndProject
Project("{FAE04EC0-301F-11D3-BF4B-00C04F79EFBC}") = "CloudSynth.Core", "CloudSynth.Core\CloudSynth.Core.csproj", "{B458BE9A-DF3C-4707-9134-88B3D287867B}"
EndProject
Project("{2150E333-8FDC-42A3-9474-1A3956D46DE8}") = "Services", "Services", "{C34C54C1-630C-400D-80F2-C4458D79D940}"
EndProject
Project("{FAE04EC0-301F-11D3-BF4B-00C04F79EFBC}") = "CloudSynth.Db", "Services\CloudSynth.Db\CloudSynth.Db.csproj", "{B407F538-C16B-48CF-A8D7-5DB9982B462B}"
	ProjectSection(ProjectDependencies) = postProject
		{B458BE9A-DF3C-4707-9134-88B3D287867B} = {B458BE9A-DF3C-4707-9134-88B3D287867B}
	EndProjectSection
EndProject
Project("{FAE04EC0-301F-11D3-BF4B-00C04F79EFBC}") = "CloudSynth.Sound", "Services\CloudSynth.Sound\CloudSynth.Sound.csproj", "{1CBA6BB6-6B8F-458B-B824-3A7D2FD98FE8}"
	ProjectSection(ProjectDependencies) = postProject
		{B458BE9A-DF3C-4707-9134-88B3D287867B} = {B458BE9A-DF3C-4707-9134-88B3D287867B}
	EndProjectSection
EndProject
Global
	GlobalSection(SolutionConfigurationPlatforms) = preSolution
		Debug|Any CPU = Debug|Any CPU
		Release|Any CPU = Release|Any CPU
	EndGlobalSection
	GlobalSection(ProjectConfigurationPlatforms) = postSolution
		{D6A701AF-30C8-4E18-A31C-4B76A96C782F}.Debug|Any CPU.ActiveCfg = Debug|Any CPU
		{D6A701AF-30C8-4E18-A31C-4B76A96C782F}.Debug|Any CPU.Build.0 = Debug|Any CPU
		{D6A701AF-30C8-4E18-A31C-4B76A96C782F}.Release|Any CPU.ActiveCfg = Release|Any CPU
		{D6A701AF-30C8-4E18-A31C-4B76A96C782F}.Release|Any CPU.Build.0 = Release|Any CPU
		{7FA826E6-AB02-46A1-8AD8-9F56CEF852A9}.Debug|Any CPU.ActiveCfg = Debug|Any CPU
		{7FA826E6-AB02-46A1-8AD8-9F56CEF852A9}.Debug|Any CPU.Build.0 = Debug|Any CPU
		{7FA826E6-AB02-46A1-8AD8-9F56CEF852A9}.Release|Any CPU.ActiveCfg = Release|Any CPU
		{7FA826E6-AB02-46A1-8AD8-9F56CEF852A9}.Release|Any CPU.Build.0 = Release|Any CPU
		{1FC4D83C-BFB1-4774-A214-9F15E8738366}.Debug|Any CPU.ActiveCfg = Debug|Any CPU
		{1FC4D83C-BFB1-4774-A214-9F15E8738366}.Debug|Any CPU.Build.0 = Debug|Any CPU
		{1FC4D83C-BFB1-4774-A214-9F15E8738366}.Release|Any CPU.ActiveCfg = Release|Any CPU
		{1FC4D83C-BFB1-4774-A214-9F15E8738366}.Release|Any CPU.Build.0 = Release|Any CPU
		{454FEC23-A278-490A-8EBC-A2885C83DA01}.Debug|Any CPU.ActiveCfg = Debug|Any CPU
		{454FEC23-A278-490A-8EBC-A2885C83DA01}.Debug|Any CPU.Build.0 = Debug|Any CPU
		{454FEC23-A278-490A-8EBC-A2885C83DA01}.Release|Any CPU.ActiveCfg = Release|Any CPU
		{454FEC23-A278-490A-8EBC-A2885C83DA01}.Release|Any CPU.Build.0 = Release|Any CPU
		{B458BE9A-DF3C-4707-9134-88B3D287867B}.Debug|Any CPU.ActiveCfg = Debug|Any CPU
		{B458BE9A-DF3C-4707-9134-88B3D287867B}.Debug|Any CPU.Build.0 = Debug|Any CPU
		{B458BE9A-DF3C-4707-9134-88B3D287867B}.Release|Any CPU.ActiveCfg = Release|Any CPU
		{B458BE9A-DF3C-4707-9134-88B3D287867B}.Release|Any CPU.Build.0 = Release|Any CPU
		{B407F538-C16B-48CF-A8D7-5DB9982B462B}.Debug|Any CPU.ActiveCfg = Debug|Any CPU
		{B407F538-C16B-48CF-A8D7-5DB9982B462B}.Debug|Any CPU.Build.0 = Debug|Any CPU
		{B407F538-C16B-48CF-A8D7-5DB9982B462B}.Release|Any CPU.ActiveCfg = Release|Any CPU
		{B407F538-C16B-48CF-A8D7-5DB9982B462B}.Release|Any CPU.Build.0 = Release|Any CPU
		{1CBA6BB6-6B8F-458B-B824-3A7D2FD98FE8}.Debug|Any CPU.ActiveCfg = Debug|Any CPU
		{1CBA6BB6-6B8F-458B-B824-3A7D2FD98FE8}.Debug|Any CPU.Build.0 = Debug|Any CPU
		{1CBA6BB6-6B8F-458B-B824-3A7D2FD98FE8}.Release|Any CPU.ActiveCfg = Release|Any CPU
		{1CBA6BB6-6B8F-458B-B824-3A7D2FD98FE8}.Release|Any CPU.Build.0 = Release|Any CPU
	EndGlobalSection
	GlobalSection(SolutionProperties) = preSolution
		HideSolutionNode = FALSE
	EndGlobalSection
	GlobalSection(NestedProjects) = preSolution
		{7FA826E6-AB02-46A1-8AD8-9F56CEF852A9} = {AAFB6088-19BB-4B6C-A7DD-45F9AC438C89}
		{1FC4D83C-BFB1-4774-A214-9F15E8738366} = {AAFB6088-19BB-4B6C-A7DD-45F9AC438C89}
		{454FEC23-A278-490A-8EBC-A2885C83DA01} = {AAFB6088-19BB-4B6C-A7DD-45F9AC438C89}
		{B407F538-C16B-48CF-A8D7-5DB9982B462B} = {C34C54C1-630C-400D-80F2-C4458D79D940}
		{1CBA6BB6-6B8F-458B-B824-3A7D2FD98FE8} = {C34C54C1-630C-400D-80F2-C4458D79D940}
	EndGlobalSection
	GlobalSection(ExtensibilityGlobals) = postSolution
		SolutionGuid = {F3E0486F-B439-452E-8696-2E7DFC934E23}
	EndGlobalSection
EndGlobal
