
Microsoft Visual Studio Solution File, Format Version 12.00
# Visual Studio Version 16
VisualStudioVersion = 16.0.31410.357
MinimumVisualStudioVersion = 10.0.40219.1
Project("{FAE04EC0-301F-11D3-BF4B-00C04F79EFBC}") = "CloudSynth", "CloudSynth\CloudSynth.csproj", "{D6A701AF-30C8-4E18-A31C-4B76A96C782F}"
EndProject
Global
	GlobalSection(SolutionConfigurationPlatforms) = preSolution
		Debug|Any CPU = Debug|Any CPU
		Release|Any CPU = Release|Any CPU
	EndGlobalSection
	GlobalSection(ProjectConfigurationPlatforms) = postSolution
		{D6A701AF-30C8-4E18-A31C-4B76A96C782F}.Debug|Any CPU.ActiveCfg = Debug|Any CPU
		{D6A701AF-30C8-4E18-A31C-4B76A96C782F}.Debug|Any CPU.Build.0 = Debug|Any CPU
		{D6A701AF-30C8-4E18-A31C-4B76A96C782F}.Release|Any CPU.ActiveCfg = Release|Any CPU
		{D6A701AF-30C8-4E18-A31C-4B76A96C782F}.Release|Any CPU.Build.0 = Release|Any CPU
	EndGlobalSection
	GlobalSection(SolutionProperties) = preSolution
		HideSolutionNode = FALSE
	EndGlobalSection
	GlobalSection(ExtensibilityGlobals) = postSolution
		SolutionGuid = {F3E0486F-B439-452E-8696-2E7DFC934E23}
	EndGlobalSection
EndGlobal
